
Microsoft Visual Studio Solution File, Format Version 12.00
# Visual Studio Version 17
VisualStudioVersion = 17.5.33530.505
MinimumVisualStudioVersion = 10.0.40219.1
Project("{FAE04EC0-301F-11D3-BF4B-00C04F79EFBC}") = "MediBook", "MediBook.csproj", "{C1F61801-C8FC-4347-8F2C-77CA53970D55}"
EndProject
Global
	GlobalSection(SolutionConfigurationPlatforms) = preSolution
		Debug|Any CPU = Debug|Any CPU
		Release|Any CPU = Release|Any CPU
	EndGlobalSection
	GlobalSection(ProjectConfigurationPlatforms) = postSolution
		{C1F61801-C8FC-4347-8F2C-77CA53970D55}.Debug|Any CPU.ActiveCfg = Debug|Any CPU
		{C1F61801-C8FC-4347-8F2C-77CA53970D55}.Debug|Any CPU.Build.0 = Debug|Any CPU
		{C1F61801-C8FC-4347-8F2C-77CA53970D55}.Release|Any CPU.ActiveCfg = Release|Any CPU
		{C1F61801-C8FC-4347-8F2C-77CA53970D55}.Release|Any CPU.Build.0 = Release|Any CPU
	EndGlobalSection
	GlobalSection(SolutionProperties) = preSolution
		HideSolutionNode = FALSE
	EndGlobalSection
	GlobalSection(ExtensibilityGlobals) = postSolution
		SolutionGuid = {AD0F6388-93A3-4898-9080-71FB5E84EE03}
	EndGlobalSection
EndGlobal
